
Microsoft Visual Studio Solution File, Format Version 12.00
# Visual Studio Version 17
VisualStudioVersion = 17.7.34018.315
MinimumVisualStudioVersion = 10.0.40219.1
Project("{FAE04EC0-301F-11D3-BF4B-00C04F79EFBC}") = "UcakBiletRezervasyonu", "UcakBiletRezervasyonu\UcakBiletRezervasyonu.csproj", "{E8B1F475-6C08-4C7C-B482-5BA42C26CB0A}"
EndProject
Global
	GlobalSection(SolutionConfigurationPlatforms) = preSolution
		Debug|Any CPU = Debug|Any CPU
		Release|Any CPU = Release|Any CPU
	EndGlobalSection
	GlobalSection(ProjectConfigurationPlatforms) = postSolution
		{E8B1F475-6C08-4C7C-B482-5BA42C26CB0A}.Debug|Any CPU.ActiveCfg = Debug|Any CPU
		{E8B1F475-6C08-4C7C-B482-5BA42C26CB0A}.Debug|Any CPU.Build.0 = Debug|Any CPU
		{E8B1F475-6C08-4C7C-B482-5BA42C26CB0A}.Release|Any CPU.ActiveCfg = Release|Any CPU
		{E8B1F475-6C08-4C7C-B482-5BA42C26CB0A}.Release|Any CPU.Build.0 = Release|Any CPU
	EndGlobalSection
	GlobalSection(SolutionProperties) = preSolution
		HideSolutionNode = FALSE
	EndGlobalSection
	GlobalSection(ExtensibilityGlobals) = postSolution
		SolutionGuid = {8C90F800-FCBE-474C-9450-344CF69AC71C}
	EndGlobalSection
EndGlobal
